
Microsoft Visual Studio Solution File, Format Version 12.00
# Visual Studio 15
VisualStudioVersion = 15.0.27703.2035
MinimumVisualStudioVersion = 10.0.40219.1
Project("{FAE04EC0-301F-11D3-BF4B-00C04F79EFBC}") = "DAC_Common", "DAC_Common\DAC_Common.csproj", "{167D4795-A464-442F-BF21-C21BE3419960}"
EndProject
Project("{FAE04EC0-301F-11D3-BF4B-00C04F79EFBC}") = "DAC_DAL", "DAC_DAL\DAC_DAL.csproj", "{FE6C1D02-F83A-453C-AB01-B77D450C5773}"
EndProject
Project("{FAE04EC0-301F-11D3-BF4B-00C04F79EFBC}") = "DAC_BotFunctions", "DAC_BotFunctions\DAC_BotFunctions.csproj", "{BEC84F4F-FB68-476A-B97A-8010887029C3}"
EndProject
Project("{FAE04EC0-301F-11D3-BF4B-00C04F79EFBC}") = "DAC_Pinger", "DAC_Pinger\DAC_Pinger.csproj", "{1C905F31-2531-4EB8-A4CB-8FE20E2F2C0D}"
EndProject
Project("{9A19103F-16F7-4668-BE54-9A1E7A4F7556}") = "DAC_ApiFunctions", "DAC_ApiFunctions\DAC_ApiFunctions.csproj", "{F3F565E1-9991-4DF1-8C95-D7CC7679C1BB}"
EndProject
Global
	GlobalSection(SolutionConfigurationPlatforms) = preSolution
		Debug|Any CPU = Debug|Any CPU
		Release|Any CPU = Release|Any CPU
	EndGlobalSection
	GlobalSection(ProjectConfigurationPlatforms) = postSolution
		{167D4795-A464-442F-BF21-C21BE3419960}.Debug|Any CPU.ActiveCfg = Debug|Any CPU
		{167D4795-A464-442F-BF21-C21BE3419960}.Debug|Any CPU.Build.0 = Debug|Any CPU
		{167D4795-A464-442F-BF21-C21BE3419960}.Release|Any CPU.ActiveCfg = Release|Any CPU
		{167D4795-A464-442F-BF21-C21BE3419960}.Release|Any CPU.Build.0 = Release|Any CPU
		{FE6C1D02-F83A-453C-AB01-B77D450C5773}.Debug|Any CPU.ActiveCfg = Debug|Any CPU
		{FE6C1D02-F83A-453C-AB01-B77D450C5773}.Debug|Any CPU.Build.0 = Debug|Any CPU
		{FE6C1D02-F83A-453C-AB01-B77D450C5773}.Release|Any CPU.ActiveCfg = Release|Any CPU
		{FE6C1D02-F83A-453C-AB01-B77D450C5773}.Release|Any CPU.Build.0 = Release|Any CPU
		{BEC84F4F-FB68-476A-B97A-8010887029C3}.Debug|Any CPU.ActiveCfg = Debug|Any CPU
		{BEC84F4F-FB68-476A-B97A-8010887029C3}.Debug|Any CPU.Build.0 = Debug|Any CPU
		{BEC84F4F-FB68-476A-B97A-8010887029C3}.Release|Any CPU.ActiveCfg = Release|Any CPU
		{BEC84F4F-FB68-476A-B97A-8010887029C3}.Release|Any CPU.Build.0 = Release|Any CPU
		{1C905F31-2531-4EB8-A4CB-8FE20E2F2C0D}.Debug|Any CPU.ActiveCfg = Debug|Any CPU
		{1C905F31-2531-4EB8-A4CB-8FE20E2F2C0D}.Debug|Any CPU.Build.0 = Debug|Any CPU
		{1C905F31-2531-4EB8-A4CB-8FE20E2F2C0D}.Release|Any CPU.ActiveCfg = Release|Any CPU
		{1C905F31-2531-4EB8-A4CB-8FE20E2F2C0D}.Release|Any CPU.Build.0 = Release|Any CPU
		{F3F565E1-9991-4DF1-8C95-D7CC7679C1BB}.Debug|Any CPU.ActiveCfg = Debug|Any CPU
		{F3F565E1-9991-4DF1-8C95-D7CC7679C1BB}.Debug|Any CPU.Build.0 = Debug|Any CPU
		{F3F565E1-9991-4DF1-8C95-D7CC7679C1BB}.Release|Any CPU.ActiveCfg = Release|Any CPU
		{F3F565E1-9991-4DF1-8C95-D7CC7679C1BB}.Release|Any CPU.Build.0 = Release|Any CPU
	EndGlobalSection
	GlobalSection(SolutionProperties) = preSolution
		HideSolutionNode = FALSE
	EndGlobalSection
	GlobalSection(ExtensibilityGlobals) = postSolution
		SolutionGuid = {BDC512DE-AF00-404A-BF87-D80F958EE5D7}
	EndGlobalSection
EndGlobal
